
Microsoft Visual Studio Solution File, Format Version 12.00
# Visual Studio Version 17
VisualStudioVersion = 17.10.35027.167
MinimumVisualStudioVersion = 10.0.40219.1
Project("{FAE04EC0-301F-11D3-BF4B-00C04F79EFBC}") = "CustomerAPI", "CustomerAPI\CustomerAPI.csproj", "{DEDC83EB-0668-48DF-9065-4E25CCA6D3CE}"
EndProject
Project("{FAE04EC0-301F-11D3-BF4B-00C04F79EFBC}") = "CustomerApp", "CustomerApp\CustomerApp.csproj", "{09D14AB8-761B-48F6-96A9-98D7A751A535}"
EndProject
Global
	GlobalSection(SolutionConfigurationPlatforms) = preSolution
		Debug|Any CPU = Debug|Any CPU
		Release|Any CPU = Release|Any CPU
	EndGlobalSection
	GlobalSection(ProjectConfigurationPlatforms) = postSolution
		{DEDC83EB-0668-48DF-9065-4E25CCA6D3CE}.Debug|Any CPU.ActiveCfg = Debug|Any CPU
		{DEDC83EB-0668-48DF-9065-4E25CCA6D3CE}.Debug|Any CPU.Build.0 = Debug|Any CPU
		{DEDC83EB-0668-48DF-9065-4E25CCA6D3CE}.Release|Any CPU.ActiveCfg = Release|Any CPU
		{DEDC83EB-0668-48DF-9065-4E25CCA6D3CE}.Release|Any CPU.Build.0 = Release|Any CPU
		{09D14AB8-761B-48F6-96A9-98D7A751A535}.Debug|Any CPU.ActiveCfg = Debug|Any CPU
		{09D14AB8-761B-48F6-96A9-98D7A751A535}.Debug|Any CPU.Build.0 = Debug|Any CPU
		{09D14AB8-761B-48F6-96A9-98D7A751A535}.Release|Any CPU.ActiveCfg = Release|Any CPU
		{09D14AB8-761B-48F6-96A9-98D7A751A535}.Release|Any CPU.Build.0 = Release|Any CPU
	EndGlobalSection
	GlobalSection(SolutionProperties) = preSolution
		HideSolutionNode = FALSE
	EndGlobalSection
	GlobalSection(ExtensibilityGlobals) = postSolution
		SolutionGuid = {42FF1096-EF24-4FC9-AA74-0B6AB62B626C}
	EndGlobalSection
EndGlobal
